
Microsoft Visual Studio Solution File, Format Version 10.00
# Visual Studio 2008
Project("{8BC9CEB8-8B4A-11D0-8D11-00A0C91BC942}") = "keylogger", "keylogger\keylogger.vcproj", "{B58492E0-0C1E-43C4-BC24-6FE6F63F9FF5}"
EndProject
Global
	GlobalSection(SolutionConfigurationPlatforms) = preSolution
		Debug|Win32 = Debug|Win32
		Release|Win32 = Release|Win32
	EndGlobalSection
	GlobalSection(ProjectConfigurationPlatforms) = postSolution
		{B58492E0-0C1E-43C4-BC24-6FE6F63F9FF5}.Debug|Win32.ActiveCfg = Debug|Win32
		{B58492E0-0C1E-43C4-BC24-6FE6F63F9FF5}.Debug|Win32.Build.0 = Debug|Win32
		{B58492E0-0C1E-43C4-BC24-6FE6F63F9FF5}.Release|Win32.ActiveCfg = Release|Win32
		{B58492E0-0C1E-43C4-BC24-6FE6F63F9FF5}.Release|Win32.Build.0 = Release|Win32
	EndGlobalSection
	GlobalSection(SolutionProperties) = preSolution
		HideSolutionNode = FALSE
	EndGlobalSection
EndGlobal
